
Microsoft Visual Studio Solution File, Format Version 12.00
Project("{FAE04EC0-301F-11D3-BF4B-00C04F79EFBC}") = "Api", "Api\Api.csproj", "{56FDCB66-4A0F-4EA7-BC7B-5622A52CD0D6}"
EndProject
Project("{2150E333-8FDC-42A3-9474-1A3956D46DE8}") = "Transactions", "Transactions", "{D5F7FC49-91B9-4FF3-A43F-F798F26E4941}"
EndProject
Project("{FAE04EC0-301F-11D3-BF4B-00C04F79EFBC}") = "Transactions.Public", "Transactions.Public\Transactions.Public.csproj", "{3D405E05-53B0-41EF-A499-ED4D85E300C0}"
EndProject
Project("{FAE04EC0-301F-11D3-BF4B-00C04F79EFBC}") = "Transactions.Domain", "Transactions.Domain\Transactions.Domain.csproj", "{BDFA4F2C-5E8B-4059-891C-8A9B60A315C1}"
EndProject
Project("{FAE04EC0-301F-11D3-BF4B-00C04F79EFBC}") = "Transactions.Tests", "Transactions.Tests\Transactions.Tests.csproj", "{FAAD6365-67E7-4466-867B-9BBAEA427935}"
EndProject
Project("{FAE04EC0-301F-11D3-BF4B-00C04F79EFBC}") = "Database.Migrator", "Database.Migrator\Database.Migrator.csproj", "{435EFCB9-01B2-486E-824E-0F21416E2C5B}"
EndProject
Project("{2150E333-8FDC-42A3-9474-1A3956D46DE8}") = "Database", "Database", "{B7A51FBF-5BAA-4277-970F-0ED91D9EF674}"
EndProject
Project("{FAE04EC0-301F-11D3-BF4B-00C04F79EFBC}") = "Database.Utilities", "Database.Utilities\Database.Utilities.csproj", "{4CDEE388-E180-480D-A42B-057EC89F7500}"
EndProject
Project("{2150E333-8FDC-42A3-9474-1A3956D46DE8}") = "Payments", "Payments", "{057B5AFD-6044-44EF-BBFF-620BD2867042}"
EndProject
Project("{FAE04EC0-301F-11D3-BF4B-00C04F79EFBC}") = "Payments.Domain", "Payments.Domain\Payments.Domain.csproj", "{C14917DF-A86F-41AF-AD46-5F93760B6E77}"
EndProject
Project("{FAE04EC0-301F-11D3-BF4B-00C04F79EFBC}") = "Payments.Public", "Payments.Public\Payments.Public.csproj", "{CFCC9AE9-1632-458D-B992-B8754C07801D}"
EndProject
Project("{2150E333-8FDC-42A3-9474-1A3956D46DE8}") = "Domain", "Domain", "{B8029507-AA74-4D27-A81E-A3D15B841A13}"
EndProject
Project("{FAE04EC0-301F-11D3-BF4B-00C04F79EFBC}") = "Utilities", "Utilities\Utilities.csproj", "{DB5FB9D5-0A41-4894-ACD2-EEDFE2BE322D}"
EndProject
Project("{FAE04EC0-301F-11D3-BF4B-00C04F79EFBC}") = "Transactions.Services", "Transactions.Services\Transactions.Services.csproj", "{0A9B5226-9623-4CFF-99B8-6786E2C78705}"
EndProject
Project("{FAE04EC0-301F-11D3-BF4B-00C04F79EFBC}") = "Test.Utilities", "Test.Utilities\Test.Utilities.csproj", "{2A1EBD51-AFB6-4B25-9A84-3BFAB73D4BA6}"
EndProject
Global
	GlobalSection(SolutionConfigurationPlatforms) = preSolution
		Debug|Any CPU = Debug|Any CPU
		Release|Any CPU = Release|Any CPU
	EndGlobalSection
	GlobalSection(ProjectConfigurationPlatforms) = postSolution
		{56FDCB66-4A0F-4EA7-BC7B-5622A52CD0D6}.Debug|Any CPU.ActiveCfg = Debug|Any CPU
		{56FDCB66-4A0F-4EA7-BC7B-5622A52CD0D6}.Debug|Any CPU.Build.0 = Debug|Any CPU
		{56FDCB66-4A0F-4EA7-BC7B-5622A52CD0D6}.Release|Any CPU.ActiveCfg = Release|Any CPU
		{56FDCB66-4A0F-4EA7-BC7B-5622A52CD0D6}.Release|Any CPU.Build.0 = Release|Any CPU
		{3D405E05-53B0-41EF-A499-ED4D85E300C0}.Debug|Any CPU.ActiveCfg = Debug|Any CPU
		{3D405E05-53B0-41EF-A499-ED4D85E300C0}.Debug|Any CPU.Build.0 = Debug|Any CPU
		{3D405E05-53B0-41EF-A499-ED4D85E300C0}.Release|Any CPU.ActiveCfg = Release|Any CPU
		{3D405E05-53B0-41EF-A499-ED4D85E300C0}.Release|Any CPU.Build.0 = Release|Any CPU
		{BDFA4F2C-5E8B-4059-891C-8A9B60A315C1}.Debug|Any CPU.ActiveCfg = Debug|Any CPU
		{BDFA4F2C-5E8B-4059-891C-8A9B60A315C1}.Debug|Any CPU.Build.0 = Debug|Any CPU
		{BDFA4F2C-5E8B-4059-891C-8A9B60A315C1}.Release|Any CPU.ActiveCfg = Release|Any CPU
		{BDFA4F2C-5E8B-4059-891C-8A9B60A315C1}.Release|Any CPU.Build.0 = Release|Any CPU
		{FAAD6365-67E7-4466-867B-9BBAEA427935}.Debug|Any CPU.ActiveCfg = Debug|Any CPU
		{FAAD6365-67E7-4466-867B-9BBAEA427935}.Debug|Any CPU.Build.0 = Debug|Any CPU
		{FAAD6365-67E7-4466-867B-9BBAEA427935}.Release|Any CPU.ActiveCfg = Release|Any CPU
		{FAAD6365-67E7-4466-867B-9BBAEA427935}.Release|Any CPU.Build.0 = Release|Any CPU
		{435EFCB9-01B2-486E-824E-0F21416E2C5B}.Debug|Any CPU.ActiveCfg = Debug|Any CPU
		{435EFCB9-01B2-486E-824E-0F21416E2C5B}.Debug|Any CPU.Build.0 = Debug|Any CPU
		{435EFCB9-01B2-486E-824E-0F21416E2C5B}.Release|Any CPU.ActiveCfg = Release|Any CPU
		{435EFCB9-01B2-486E-824E-0F21416E2C5B}.Release|Any CPU.Build.0 = Release|Any CPU
		{4CDEE388-E180-480D-A42B-057EC89F7500}.Debug|Any CPU.ActiveCfg = Debug|Any CPU
		{4CDEE388-E180-480D-A42B-057EC89F7500}.Debug|Any CPU.Build.0 = Debug|Any CPU
		{4CDEE388-E180-480D-A42B-057EC89F7500}.Release|Any CPU.ActiveCfg = Release|Any CPU
		{4CDEE388-E180-480D-A42B-057EC89F7500}.Release|Any CPU.Build.0 = Release|Any CPU
		{C14917DF-A86F-41AF-AD46-5F93760B6E77}.Debug|Any CPU.ActiveCfg = Debug|Any CPU
		{C14917DF-A86F-41AF-AD46-5F93760B6E77}.Debug|Any CPU.Build.0 = Debug|Any CPU
		{C14917DF-A86F-41AF-AD46-5F93760B6E77}.Release|Any CPU.ActiveCfg = Release|Any CPU
		{C14917DF-A86F-41AF-AD46-5F93760B6E77}.Release|Any CPU.Build.0 = Release|Any CPU
		{CFCC9AE9-1632-458D-B992-B8754C07801D}.Debug|Any CPU.ActiveCfg = Debug|Any CPU
		{CFCC9AE9-1632-458D-B992-B8754C07801D}.Debug|Any CPU.Build.0 = Debug|Any CPU
		{CFCC9AE9-1632-458D-B992-B8754C07801D}.Release|Any CPU.ActiveCfg = Release|Any CPU
		{CFCC9AE9-1632-458D-B992-B8754C07801D}.Release|Any CPU.Build.0 = Release|Any CPU
		{DB5FB9D5-0A41-4894-ACD2-EEDFE2BE322D}.Debug|Any CPU.ActiveCfg = Debug|Any CPU
		{DB5FB9D5-0A41-4894-ACD2-EEDFE2BE322D}.Debug|Any CPU.Build.0 = Debug|Any CPU
		{DB5FB9D5-0A41-4894-ACD2-EEDFE2BE322D}.Release|Any CPU.ActiveCfg = Release|Any CPU
		{DB5FB9D5-0A41-4894-ACD2-EEDFE2BE322D}.Release|Any CPU.Build.0 = Release|Any CPU
		{0A9B5226-9623-4CFF-99B8-6786E2C78705}.Debug|Any CPU.ActiveCfg = Debug|Any CPU
		{0A9B5226-9623-4CFF-99B8-6786E2C78705}.Debug|Any CPU.Build.0 = Debug|Any CPU
		{0A9B5226-9623-4CFF-99B8-6786E2C78705}.Release|Any CPU.ActiveCfg = Release|Any CPU
		{0A9B5226-9623-4CFF-99B8-6786E2C78705}.Release|Any CPU.Build.0 = Release|Any CPU
		{2A1EBD51-AFB6-4B25-9A84-3BFAB73D4BA6}.Debug|Any CPU.ActiveCfg = Debug|Any CPU
		{2A1EBD51-AFB6-4B25-9A84-3BFAB73D4BA6}.Debug|Any CPU.Build.0 = Debug|Any CPU
		{2A1EBD51-AFB6-4B25-9A84-3BFAB73D4BA6}.Release|Any CPU.ActiveCfg = Release|Any CPU
		{2A1EBD51-AFB6-4B25-9A84-3BFAB73D4BA6}.Release|Any CPU.Build.0 = Release|Any CPU
	EndGlobalSection
	GlobalSection(NestedProjects) = preSolution
		{3D405E05-53B0-41EF-A499-ED4D85E300C0} = {D5F7FC49-91B9-4FF3-A43F-F798F26E4941}
		{BDFA4F2C-5E8B-4059-891C-8A9B60A315C1} = {D5F7FC49-91B9-4FF3-A43F-F798F26E4941}
		{FAAD6365-67E7-4466-867B-9BBAEA427935} = {D5F7FC49-91B9-4FF3-A43F-F798F26E4941}
		{435EFCB9-01B2-486E-824E-0F21416E2C5B} = {B7A51FBF-5BAA-4277-970F-0ED91D9EF674}
		{4CDEE388-E180-480D-A42B-057EC89F7500} = {B7A51FBF-5BAA-4277-970F-0ED91D9EF674}
		{C14917DF-A86F-41AF-AD46-5F93760B6E77} = {057B5AFD-6044-44EF-BBFF-620BD2867042}
		{CFCC9AE9-1632-458D-B992-B8754C07801D} = {057B5AFD-6044-44EF-BBFF-620BD2867042}
		{057B5AFD-6044-44EF-BBFF-620BD2867042} = {B8029507-AA74-4D27-A81E-A3D15B841A13}
		{D5F7FC49-91B9-4FF3-A43F-F798F26E4941} = {B8029507-AA74-4D27-A81E-A3D15B841A13}
		{0A9B5226-9623-4CFF-99B8-6786E2C78705} = {D5F7FC49-91B9-4FF3-A43F-F798F26E4941}
	EndGlobalSection
EndGlobal
